// !$*UTF8*$!
{
	archiveVersion = 1;
	classes = {
	};
	objectVersion = 55;
	objects = {

/* Begin PBXBuildFile section */
		7A292F6E278F38B40036013D /* LoginExampleApp.swift in Sources */ = {isa = PBXBuildFile; fileRef = 7A292F6D278F38B40036013D /* LoginExampleApp.swift */; };
		7A292F72278F38B80036013D /* Assets.xcassets in Resources */ = {isa = PBXBuildFile; fileRef = 7A292F71278F38B80036013D /* Assets.xcassets */; };
		7A292F75278F38B80036013D /* Preview Assets.xcassets in Resources */ = {isa = PBXBuildFile; fileRef = 7A292F74278F38B80036013D /* Preview Assets.xcassets */; };
		7A292F83278F3A6C0036013D /* SplashView.swift in Sources */ = {isa = PBXBuildFile; fileRef = 7A292F82278F3A6C0036013D /* SplashView.swift */; };
		7A292F85278F3A800036013D /* SplashViewModel.swift in Sources */ = {isa = PBXBuildFile; fileRef = 7A292F84278F3A800036013D /* SplashViewModel.swift */; };
		7A292F88278F3A940036013D /* LoginView.swift in Sources */ = {isa = PBXBuildFile; fileRef = 7A292F87278F3A940036013D /* LoginView.swift */; };
		7A292F8A278F3AA00036013D /* LoginViewModel.swift in Sources */ = {isa = PBXBuildFile; fileRef = 7A292F89278F3AA00036013D /* LoginViewModel.swift */; };
		7A292F8D278F3AD50036013D /* User.swift in Sources */ = {isa = PBXBuildFile; fileRef = 7A292F8C278F3AD50036013D /* User.swift */; };
		7A292F8F278F3C6A0036013D /* SplashUIState.swift in Sources */ = {isa = PBXBuildFile; fileRef = 7A292F8E278F3C6A0036013D /* SplashUIState.swift */; };
		7A292F91278F72B50036013D /* EditTextField.swift in Sources */ = {isa = PBXBuildFile; fileRef = 7A292F90278F72B50036013D /* EditTextField.swift */; };
		7A292F9327904E7A0036013D /* LoadingButton.swift in Sources */ = {isa = PBXBuildFile; fileRef = 7A292F9227904E7A0036013D /* LoadingButton.swift */; };
		7A292F97279063BD0036013D /* StringUtils.swift in Sources */ = {isa = PBXBuildFile; fileRef = 7A292F96279063BD0036013D /* StringUtils.swift */; };
/* End PBXBuildFile section */

/* Begin PBXFileReference section */
		7A292F6A278F38B40036013D /* LoginExample.app */ = {isa = PBXFileReference; explicitFileType = wrapper.application; includeInIndex = 0; path = LoginExample.app; sourceTree = BUILT_PRODUCTS_DIR; };
		7A292F6D278F38B40036013D /* LoginExampleApp.swift */ = {isa = PBXFileReference; lastKnownFileType = sourcecode.swift; path = LoginExampleApp.swift; sourceTree = "<group>"; };
		7A292F71278F38B80036013D /* Assets.xcassets */ = {isa = PBXFileReference; lastKnownFileType = folder.assetcatalog; path = Assets.xcassets; sourceTree = "<group>"; };
		7A292F74278F38B80036013D /* Preview Assets.xcassets */ = {isa = PBXFileReference; lastKnownFileType = folder.assetcatalog; path = "Preview Assets.xcassets"; sourceTree = "<group>"; };
		7A292F82278F3A6C0036013D /* SplashView.swift */ = {isa = PBXFileReference; lastKnownFileType = sourcecode.swift; path = SplashView.swift; sourceTree = "<group>"; };
		7A292F84278F3A800036013D /* SplashViewModel.swift */ = {isa = PBXFileReference; lastKnownFileType = sourcecode.swift; path = SplashViewModel.swift; sourceTree = "<group>"; };
		7A292F87278F3A940036013D /* LoginView.swift */ = {isa = PBXFileReference; lastKnownFileType = sourcecode.swift; path = LoginView.swift; sourceTree = "<group>"; };
		7A292F89278F3AA00036013D /* LoginViewModel.swift */ = {isa = PBXFileReference; lastKnownFileType = sourcecode.swift; path = LoginViewModel.swift; sourceTree = "<group>"; };
		7A292F8C278F3AD50036013D /* User.swift */ = {isa = PBXFileReference; lastKnownFileType = sourcecode.swift; path = User.swift; sourceTree = "<group>"; };
		7A292F8E278F3C6A0036013D /* SplashUIState.swift */ = {isa = PBXFileReference; lastKnownFileType = sourcecode.swift; path = SplashUIState.swift; sourceTree = "<group>"; };
		7A292F90278F72B50036013D /* EditTextField.swift */ = {isa = PBXFileReference; lastKnownFileType = sourcecode.swift; path = EditTextField.swift; sourceTree = "<group>"; };
		7A292F9227904E7A0036013D /* LoadingButton.swift */ = {isa = PBXFileReference; lastKnownFileType = sourcecode.swift; path = LoadingButton.swift; sourceTree = "<group>"; };
		7A292F96279063BD0036013D /* StringUtils.swift */ = {isa = PBXFileReference; lastKnownFileType = sourcecode.swift; path = StringUtils.swift; sourceTree = "<group>"; };
/* End PBXFileReference section */

/* Begin PBXFrameworksBuildPhase section */
		7A292F67278F38B40036013D /* Frameworks */ = {
			isa = PBXFrameworksBuildPhase;
			buildActionMask = 2147483647;
			files = (
			);
			runOnlyForDeploymentPostprocessing = 0;
		};
/* End PBXFrameworksBuildPhase section */

/* Begin PBXGroup section */
		7A292F61278F38B40036013D = {
			isa = PBXGroup;
			children = (
				7A292F6C278F38B40036013D /* LoginExample */,
				7A292F6B278F38B40036013D /* Products */,
			);
			sourceTree = "<group>";
		};
		7A292F6B278F38B40036013D /* Products */ = {
			isa = PBXGroup;
			children = (
				7A292F6A278F38B40036013D /* LoginExample.app */,
			);
			name = Products;
			sourceTree = "<group>";
		};
		7A292F6C278F38B40036013D /* LoginExample */ = {
			isa = PBXGroup;
			children = (
				7A292F95279063A90036013D /* Support */,
				7A292F8B278F3ABF0036013D /* Model */,
				7A292F7E278F3A200036013D /* View */,
				7A292F6D278F38B40036013D /* LoginExampleApp.swift */,
				7A292F71278F38B80036013D /* Assets.xcassets */,
				7A292F73278F38B80036013D /* Preview Content */,
			);
			path = LoginExample;
			sourceTree = "<group>";
		};
		7A292F73278F38B80036013D /* Preview Content */ = {
			isa = PBXGroup;
			children = (
				7A292F74278F38B80036013D /* Preview Assets.xcassets */,
			);
			path = "Preview Content";
			sourceTree = "<group>";
		};
		7A292F7E278F3A200036013D /* View */ = {
			isa = PBXGroup;
			children = (
				7A292F80278F3A350036013D /* Screens */,
				7A292F7F278F3A2B0036013D /* Shared */,
			);
			path = View;
			sourceTree = "<group>";
		};
		7A292F7F278F3A2B0036013D /* Shared */ = {
			isa = PBXGroup;
			children = (
				7A292F90278F72B50036013D /* EditTextField.swift */,
				7A292F9227904E7A0036013D /* LoadingButton.swift */,
			);
			path = Shared;
			sourceTree = "<group>";
		};
		7A292F80278F3A350036013D /* Screens */ = {
			isa = PBXGroup;
			children = (
				7A292F86278F3A860036013D /* Login */,
				7A292F81278F3A450036013D /* Splash */,
			);
			path = Screens;
			sourceTree = "<group>";
		};
		7A292F81278F3A450036013D /* Splash */ = {
			isa = PBXGroup;
			children = (
				7A292F82278F3A6C0036013D /* SplashView.swift */,
				7A292F84278F3A800036013D /* SplashViewModel.swift */,
			);
			path = Splash;
			sourceTree = "<group>";
		};
		7A292F86278F3A860036013D /* Login */ = {
			isa = PBXGroup;
			children = (
				7A292F87278F3A940036013D /* LoginView.swift */,
				7A292F89278F3AA00036013D /* LoginViewModel.swift */,
			);
			path = Login;
			sourceTree = "<group>";
		};
		7A292F8B278F3ABF0036013D /* Model */ = {
			isa = PBXGroup;
			children = (
				7A292F8C278F3AD50036013D /* User.swift */,
				7A292F8E278F3C6A0036013D /* SplashUIState.swift */,
			);
			path = Model;
			sourceTree = "<group>";
		};
		7A292F95279063A90036013D /* Support */ = {
			isa = PBXGroup;
			children = (
				7A292F96279063BD0036013D /* StringUtils.swift */,
			);
			path = Support;
			sourceTree = "<group>";
		};
/* End PBXGroup section */

/* Begin PBXNativeTarget section */
		7A292F69278F38B40036013D /* LoginExample */ = {
			isa = PBXNativeTarget;
			buildConfigurationList = 7A292F78278F38B80036013D /* Build configuration list for PBXNativeTarget "LoginExample" */;
			buildPhases = (
				7A292F66278F38B40036013D /* Sources */,
				7A292F67278F38B40036013D /* Frameworks */,
				7A292F68278F38B40036013D /* Resources */,
			);
			buildRules = (
			);
			dependencies = (
			);
			name = LoginExample;
			productName = LoginExample;
			productReference = 7A292F6A278F38B40036013D /* LoginExample.app */;
			productType = "com.apple.product-type.application";
		};
/* End PBXNativeTarget section */

/* Begin PBXProject section */
		7A292F62278F38B40036013D /* Project object */ = {
			isa = PBXProject;
			attributes = {
				BuildIndependentTargetsInParallel = 1;
				LastSwiftUpdateCheck = 1320;
				LastUpgradeCheck = 1320;
				TargetAttributes = {
					7A292F69278F38B40036013D = {
						CreatedOnToolsVersion = 13.2.1;
					};
				};
			};
			buildConfigurationList = 7A292F65278F38B40036013D /* Build configuration list for PBXProject "LoginExample" */;
			compatibilityVersion = "Xcode 13.0";
			developmentRegion = en;
			hasScannedForEncodings = 0;
			knownRegions = (
				en,
				Base,
			);
			mainGroup = 7A292F61278F38B40036013D;
			productRefGroup = 7A292F6B278F38B40036013D /* Products */;
			projectDirPath = "";
			projectRoot = "";
			targets = (
				7A292F69278F38B40036013D /* LoginExample */,
			);
		};
/* End PBXProject section */

/* Begin PBXResourcesBuildPhase section */
		7A292F68278F38B40036013D /* Resources */ = {
			isa = PBXResourcesBuildPhase;
			buildActionMask = 2147483647;
			files = (
				7A292F75278F38B80036013D /* Preview Assets.xcassets in Resources */,
				7A292F72278F38B80036013D /* Assets.xcassets in Resources */,
			);
			runOnlyForDeploymentPostprocessing = 0;
		};
/* End PBXResourcesBuildPhase section */

/* Begin PBXSourcesBuildPhase section */
		7A292F66278F38B40036013D /* Sources */ = {
			isa = PBXSourcesBuildPhase;
			buildActionMask = 2147483647;
			files = (
				7A292F9327904E7A0036013D /* LoadingButton.swift in Sources */,
				7A292F8F278F3C6A0036013D /* SplashUIState.swift in Sources */,
				7A292F8D278F3AD50036013D /* User.swift in Sources */,
				7A292F6E278F38B40036013D /* LoginExampleApp.swift in Sources */,
				7A292F8A278F3AA00036013D /* LoginViewModel.swift in Sources */,
				7A292F83278F3A6C0036013D /* SplashView.swift in Sources */,
				7A292F97279063BD0036013D /* StringUtils.swift in Sources */,
				7A292F91278F72B50036013D /* EditTextField.swift in Sources */,
				7A292F88278F3A940036013D /* LoginView.swift in Sources */,
				7A292F85278F3A800036013D /* SplashViewModel.swift in Sources */,
			);
			runOnlyForDeploymentPostprocessing = 0;
		};
/* End PBXSourcesBuildPhase section */

/* Begin XCBuildConfiguration section */
		7A292F76278F38B80036013D /* Debug */ = {
			isa = XCBuildConfiguration;
			buildSettings = {
				ALWAYS_SEARCH_USER_PATHS = NO;
				CLANG_ANALYZER_NONNULL = YES;
				CLANG_ANALYZER_NUMBER_OBJECT_CONVERSION = YES_AGGRESSIVE;
				CLANG_CXX_LANGUAGE_STANDARD = "gnu++17";
				CLANG_CXX_LIBRARY = "libc++";
				CLANG_ENABLE_MODULES = YES;
				CLANG_ENABLE_OBJC_ARC = YES;
				CLANG_ENABLE_OBJC_WEAK = YES;
				CLANG_WARN_BLOCK_CAPTURE_AUTORELEASING = YES;
				CLANG_WARN_BOOL_CONVERSION = YES;
				CLANG_WARN_COMMA = YES;
				CLANG_WARN_CONSTANT_CONVERSION = YES;
				CLANG_WARN_DEPRECATED_OBJC_IMPLEMENTATIONS = YES;
				CLANG_WARN_DIRECT_OBJC_ISA_USAGE = YES_ERROR;
				CLANG_WARN_DOCUMENTATION_COMMENTS = YES;
				CLANG_WARN_EMPTY_BODY = YES;
				CLANG_WARN_ENUM_CONVERSION = YES;
				CLANG_WARN_INFINITE_RECURSION = YES;
				CLANG_WARN_INT_CONVERSION = YES;
				CLANG_WARN_NON_LITERAL_NULL_CONVERSION = YES;
				CLANG_WARN_OBJC_IMPLICIT_RETAIN_SELF = YES;
				CLANG_WARN_OBJC_LITERAL_CONVERSION = YES;
				CLANG_WARN_OBJC_ROOT_CLASS = YES_ERROR;
				CLANG_WARN_QUOTED_INCLUDE_IN_FRAMEWORK_HEADER = YES;
				CLANG_WARN_RANGE_LOOP_ANALYSIS = YES;
				CLANG_WARN_STRICT_PROTOTYPES = YES;
				CLANG_WARN_SUSPICIOUS_MOVE = YES;
				CLANG_WARN_UNGUARDED_AVAILABILITY = YES_AGGRESSIVE;
				CLANG_WARN_UNREACHABLE_CODE = YES;
				CLANG_WARN__DUPLICATE_METHOD_MATCH = YES;
				COPY_PHASE_STRIP = NO;
				DEBUG_INFORMATION_FORMAT = dwarf;
				ENABLE_STRICT_OBJC_MSGSEND = YES;
				ENABLE_TESTABILITY = YES;
				GCC_C_LANGUAGE_STANDARD = gnu11;
				GCC_DYNAMIC_NO_PIC = NO;
				GCC_NO_COMMON_BLOCKS = YES;
				GCC_OPTIMIZATION_LEVEL = 0;
				GCC_PREPROCESSOR_DEFINITIONS = (
					"DEBUG=1",
					"$(inherited)",
				);
				GCC_WARN_64_TO_32_BIT_CONVERSION = YES;
				GCC_WARN_ABOUT_RETURN_TYPE = YES_ERROR;
				GCC_WARN_UNDECLARED_SELECTOR = YES;
				GCC_WARN_UNINITIALIZED_AUTOS = YES_AGGRESSIVE;
				GCC_WARN_UNUSED_FUNCTION = YES;
				GCC_WARN_UNUSED_VARIABLE = YES;
				IPHONEOS_DEPLOYMENT_TARGET = 15.2;
				MTL_ENABLE_DEBUG_INFO = INCLUDE_SOURCE;
				MTL_FAST_MATH = YES;
				ONLY_ACTIVE_ARCH = YES;
				SDKROOT = iphoneos;
				SWIFT_ACTIVE_COMPILATION_CONDITIONS = DEBUG;
				SWIFT_OPTIMIZATION_LEVEL = "-Onone";
			};
			name = Debug;
		};
		7A292F77278F38B80036013D /* Release */ = {
			isa = XCBuildConfiguration;
			buildSettings = {
				ALWAYS_SEARCH_USER_PATHS = NO;
				CLANG_ANALYZER_NONNULL = YES;
				CLANG_ANALYZER_NUMBER_OBJECT_CONVERSION = YES_AGGRESSIVE;
				CLANG_CXX_LANGUAGE_STANDARD = "gnu++17";
				CLANG_CXX_LIBRARY = "libc++";
				CLANG_ENABLE_MODULES = YES;
				CLANG_ENABLE_OBJC_ARC = YES;
				CLANG_ENABLE_OBJC_WEAK = YES;
				CLANG_WARN_BLOCK_CAPTURE_AUTORELEASING = YES;
				CLANG_WARN_BOOL_CONVERSION = YES;
				CLANG_WARN_COMMA = YES;
				CLANG_WARN_CONSTANT_CONVERSION = YES;
				CLANG_WARN_DEPRECATED_OBJC_IMPLEMENTATIONS = YES;
				CLANG_WARN_DIRECT_OBJC_ISA_USAGE = YES_ERROR;
				CLANG_WARN_DOCUMENTATION_COMMENTS = YES;
				CLANG_WARN_EMPTY_BODY = YES;
				CLANG_WARN_ENUM_CONVERSION = YES;
				CLANG_WARN_INFINITE_RECURSION = YES;
				CLANG_WARN_INT_CONVERSION = YES;
				CLANG_WARN_NON_LITERAL_NULL_CONVERSION = YES;
				CLANG_WARN_OBJC_IMPLICIT_RETAIN_SELF = YES;
				CLANG_WARN_OBJC_LITERAL_CONVERSION = YES;
				CLANG_WARN_OBJC_ROOT_CLASS = YES_ERROR;
				CLANG_WARN_QUOTED_INCLUDE_IN_FRAMEWORK_HEADER = YES;
				CLANG_WARN_RANGE_LOOP_ANALYSIS = YES;
				CLANG_WARN_STRICT_PROTOTYPES = YES;
				CLANG_WARN_SUSPICIOUS_MOVE = YES;
				CLANG_WARN_UNGUARDED_AVAILABILITY = YES_AGGRESSIVE;
				CLANG_WARN_UNREACHABLE_CODE = YES;
				CLANG_WARN__DUPLICATE_METHOD_MATCH = YES;
				COPY_PHASE_STRIP = NO;
				DEBUG_INFORMATION_FORMAT = "dwarf-with-dsym";
				ENABLE_NS_ASSERTIONS = NO;
				ENABLE_STRICT_OBJC_MSGSEND = YES;
				GCC_C_LANGUAGE_STANDARD = gnu11;
				GCC_NO_COMMON_BLOCKS = YES;
				GCC_WARN_64_TO_32_BIT_CONVERSION = YES;
				GCC_WARN_ABOUT_RETURN_TYPE = YES_ERROR;
				GCC_WARN_UNDECLARED_SELECTOR = YES;
				GCC_WARN_UNINITIALIZED_AUTOS = YES_AGGRESSIVE;
				GCC_WARN_UNUSED_FUNCTION = YES;
				GCC_WARN_UNUSED_VARIABLE = YES;
				IPHONEOS_DEPLOYMENT_TARGET = 15.2;
				MTL_ENABLE_DEBUG_INFO = NO;
				MTL_FAST_MATH = YES;
				SDKROOT = iphoneos;
				SWIFT_COMPILATION_MODE = wholemodule;
				SWIFT_OPTIMIZATION_LEVEL = "-O";
				VALIDATE_PRODUCT = YES;
			};
			name = Release;
		};
		7A292F79278F38B80036013D /* Debug */ = {
			isa = XCBuildConfiguration;
			buildSettings = {
				ASSETCATALOG_COMPILER_APPICON_NAME = AppIcon;
				ASSETCATALOG_COMPILER_GLOBAL_ACCENT_COLOR_NAME = AccentColor;
				CODE_SIGN_STYLE = Automatic;
				CURRENT_PROJECT_VERSION = 1;
				DEVELOPMENT_ASSET_PATHS = "\"LoginExample/Preview Content\"";
				DEVELOPMENT_TEAM = 5ARWMY2A6V;
				ENABLE_PREVIEWS = YES;
				GENERATE_INFOPLIST_FILE = YES;
				INFOPLIST_KEY_UIApplicationSceneManifest_Generation = YES;
				INFOPLIST_KEY_UIApplicationSupportsIndirectInputEvents = YES;
				INFOPLIST_KEY_UILaunchScreen_Generation = YES;
				INFOPLIST_KEY_UISupportedInterfaceOrientations_iPad = "UIInterfaceOrientationPortrait UIInterfaceOrientationPortraitUpsideDown UIInterfaceOrientationLandscapeLeft UIInterfaceOrientationLandscapeRight";
				INFOPLIST_KEY_UISupportedInterfaceOrientations_iPhone = "UIInterfaceOrientationPortrait UIInterfaceOrientationLandscapeLeft UIInterfaceOrientationLandscapeRight";
				LD_RUNPATH_SEARCH_PATHS = (
					"$(inherited)",
					"@executable_path/Frameworks",
				);
				MARKETING_VERSION = 1.0;
				PRODUCT_BUNDLE_IDENTIFIER = com.finotti.LoginExample;
				PRODUCT_NAME = "$(TARGET_NAME)";
				SWIFT_EMIT_LOC_STRINGS = YES;
				SWIFT_VERSION = 5.0;
				TARGETED_DEVICE_FAMILY = "1,2";
			};
			name = Debug;
		};
		7A292F7A278F38B80036013D /* Release */ = {
			isa = XCBuildConfiguration;
			buildSettings = {
				ASSETCATALOG_COMPILER_APPICON_NAME = AppIcon;
				ASSETCATALOG_COMPILER_GLOBAL_ACCENT_COLOR_NAME = AccentColor;
				CODE_SIGN_STYLE = Automatic;
				CURRENT_PROJECT_VERSION = 1;
				DEVELOPMENT_ASSET_PATHS = "\"LoginExample/Preview Content\"";
				DEVELOPMENT_TEAM = 5ARWMY2A6V;
				ENABLE_PREVIEWS = YES;
				GENERATE_INFOPLIST_FILE = YES;
				INFOPLIST_KEY_UIApplicationSceneManifest_Generation = YES;
				INFOPLIST_KEY_UIApplicationSupportsIndirectInputEvents = YES;
				INFOPLIST_KEY_UILaunchScreen_Generation = YES;
				INFOPLIST_KEY_UISupportedInterfaceOrientations_iPad = "UIInterfaceOrientationPortrait UIInterfaceOrientationPortraitUpsideDown UIInterfaceOrientationLandscapeLeft UIInterfaceOrientationLandscapeRight";
				INFOPLIST_KEY_UISupportedInterfaceOrientations_iPhone = "UIInterfaceOrientationPortrait UIInterfaceOrientationLandscapeLeft UIInterfaceOrientationLandscapeRight";
				LD_RUNPATH_SEARCH_PATHS = (
					"$(inherited)",
					"@executable_path/Frameworks",
				);
				MARKETING_VERSION = 1.0;
				PRODUCT_BUNDLE_IDENTIFIER = com.finotti.LoginExample;
				PRODUCT_NAME = "$(TARGET_NAME)";
				SWIFT_EMIT_LOC_STRINGS = YES;
				SWIFT_VERSION = 5.0;
				TARGETED_DEVICE_FAMILY = "1,2";
			};
			name = Release;
		};
/* End XCBuildConfiguration section */

/* Begin XCConfigurationList section */
		7A292F65278F38B40036013D /* Build configuration list for PBXProject "LoginExample" */ = {
			isa = XCConfigurationList;
			buildConfigurations = (
				7A292F76278F38B80036013D /* Debug */,
				7A292F77278F38B80036013D /* Release */,
			);
			defaultConfigurationIsVisible = 0;
			defaultConfigurationName = Release;
		};
		7A292F78278F38B80036013D /* Build configuration list for PBXNativeTarget "LoginExample" */ = {
			isa = XCConfigurationList;
			buildConfigurations = (
				7A292F79278F38B80036013D /* Debug */,
				7A292F7A278F38B80036013D /* Release */,
			);
			defaultConfigurationIsVisible = 0;
			defaultConfigurationName = Release;
		};
/* End XCConfigurationList section */
	};
	rootObject = 7A292F62278F38B40036013D /* Project object */;
}
